
Microsoft Visual Studio Solution File, Format Version 12.00
# Visual Studio 2013
VisualStudioVersion = 12.0.21005.1
MinimumVisualStudioVersion = 10.0.40219.1
Project("{FAE04EC0-301F-11D3-BF4B-00C04F79EFBC}") = "Curso", "Curso\Curso.csproj", "{1E44A592-5861-4913-B0F4-CE9F59A91C44}"
EndProject
Project("{FAE04EC0-301F-11D3-BF4B-00C04F79EFBC}") = "Curso.Negocio", "Curso.Negocio\Curso.Negocio.csproj", "{5246BB68-0A37-4907-9737-2FD0149A7EFE}"
EndProject
Global
	GlobalSection(SolutionConfigurationPlatforms) = preSolution
		Debug|Any CPU = Debug|Any CPU
		Release|Any CPU = Release|Any CPU
	EndGlobalSection
	GlobalSection(ProjectConfigurationPlatforms) = postSolution
		{1E44A592-5861-4913-B0F4-CE9F59A91C44}.Debug|Any CPU.ActiveCfg = Debug|Any CPU
		{1E44A592-5861-4913-B0F4-CE9F59A91C44}.Debug|Any CPU.Build.0 = Debug|Any CPU
		{1E44A592-5861-4913-B0F4-CE9F59A91C44}.Release|Any CPU.ActiveCfg = Release|Any CPU
		{1E44A592-5861-4913-B0F4-CE9F59A91C44}.Release|Any CPU.Build.0 = Release|Any CPU
		{5246BB68-0A37-4907-9737-2FD0149A7EFE}.Debug|Any CPU.ActiveCfg = Debug|Any CPU
		{5246BB68-0A37-4907-9737-2FD0149A7EFE}.Debug|Any CPU.Build.0 = Debug|Any CPU
		{5246BB68-0A37-4907-9737-2FD0149A7EFE}.Release|Any CPU.ActiveCfg = Release|Any CPU
		{5246BB68-0A37-4907-9737-2FD0149A7EFE}.Release|Any CPU.Build.0 = Release|Any CPU
	EndGlobalSection
	GlobalSection(SolutionProperties) = preSolution
		HideSolutionNode = FALSE
	EndGlobalSection
EndGlobal
